
Microsoft Visual Studio Solution File, Format Version 12.00
# Visual Studio Version 17
VisualStudioVersion = 17.6.33829.357
MinimumVisualStudioVersion = 10.0.40219.1
Project("{FAE04EC0-301F-11D3-BF4B-00C04F79EFBC}") = "TicTacToe", "TicTacToe\TicTacToe.csproj", "{00651862-EB2A-4C7D-A492-703DAA9620FA}"
EndProject
Global
	GlobalSection(SolutionConfigurationPlatforms) = preSolution
		Debug|Any CPU = Debug|Any CPU
		Release|Any CPU = Release|Any CPU
	EndGlobalSection
	GlobalSection(ProjectConfigurationPlatforms) = postSolution
		{00651862-EB2A-4C7D-A492-703DAA9620FA}.Debug|Any CPU.ActiveCfg = Debug|Any CPU
		{00651862-EB2A-4C7D-A492-703DAA9620FA}.Debug|Any CPU.Build.0 = Debug|Any CPU
		{00651862-EB2A-4C7D-A492-703DAA9620FA}.Release|Any CPU.ActiveCfg = Release|Any CPU
		{00651862-EB2A-4C7D-A492-703DAA9620FA}.Release|Any CPU.Build.0 = Release|Any CPU
	EndGlobalSection
	GlobalSection(SolutionProperties) = preSolution
		HideSolutionNode = FALSE
	EndGlobalSection
	GlobalSection(ExtensibilityGlobals) = postSolution
		SolutionGuid = {DFCA3F48-F413-456F-9633-EE6733158486}
	EndGlobalSection
EndGlobal
